// !$*UTF8*$!
{
	archiveVersion = 1;
	classes = {
	};
	objectVersion = 46;
	objects = {

/* Begin PBXBuildFile section */
		7522D23E1CDC781400A056DE /* ChangeingViewController.m in Sources */ = {isa = PBXBuildFile; fileRef = 7522D23D1CDC781400A056DE /* ChangeingViewController.m */; };
		7522D2411CDC783A00A056DE /* TextVIew.m in Sources */ = {isa = PBXBuildFile; fileRef = 7522D2401CDC783A00A056DE /* TextVIew.m */; };
		75ACA2041CBDF77400550078 /* main.m in Sources */ = {isa = PBXBuildFile; fileRef = 75ACA2031CBDF77400550078 /* main.m */; };
		75ACA2071CBDF77400550078 /* AppDelegate.m in Sources */ = {isa = PBXBuildFile; fileRef = 75ACA2061CBDF77400550078 /* AppDelegate.m */; };
		75ACA20A1CBDF77400550078 /* ViewController.m in Sources */ = {isa = PBXBuildFile; fileRef = 75ACA2091CBDF77400550078 /* ViewController.m */; };
		75ACA20D1CBDF77400550078 /* Main.storyboard in Resources */ = {isa = PBXBuildFile; fileRef = 75ACA20B1CBDF77400550078 /* Main.storyboard */; };
		75ACA20F1CBDF77400550078 /* Assets.xcassets in Resources */ = {isa = PBXBuildFile; fileRef = 75ACA20E1CBDF77400550078 /* Assets.xcassets */; };
		75ACA2121CBDF77400550078 /* LaunchScreen.storyboard in Resources */ = {isa = PBXBuildFile; fileRef = 75ACA2101CBDF77400550078 /* LaunchScreen.storyboard */; };
		75ACA21D1CBE239400550078 /* LayerControllerViewController.m in Sources */ = {isa = PBXBuildFile; fileRef = 75ACA21C1CBE239400550078 /* LayerControllerViewController.m */; };
		75ACA2201CBE23C800550078 /* K_layer.m in Sources */ = {isa = PBXBuildFile; fileRef = 75ACA21F1CBE23C800550078 /* K_layer.m */; };
		75EB3CED1CD1B7B800F69A53 /* ShowView.m in Sources */ = {isa = PBXBuildFile; fileRef = 75EB3CEC1CD1B7B800F69A53 /* ShowView.m */; };
		75EB3CEF1CD1B85300F69A53 /* QuartzCore.framework in Frameworks */ = {isa = PBXBuildFile; fileRef = 75EB3CEE1CD1B85300F69A53 /* QuartzCore.framework */; };
		75EB3CFE1CD9A39D00F69A53 /* DrawImageLayer.m in Sources */ = {isa = PBXBuildFile; fileRef = 75EB3CFD1CD9A39D00F69A53 /* DrawImageLayer.m */; };
		75EB3D011CD9C53500F69A53 /* QuartzViewController.m in Sources */ = {isa = PBXBuildFile; fileRef = 75EB3D001CD9C53500F69A53 /* QuartzViewController.m */; };
		75EB3D031CD9EB9800F69A53 /* timg.jpeg in Resources */ = {isa = PBXBuildFile; fileRef = 75EB3D021CD9EB9800F69A53 /* timg.jpeg */; };
/* End PBXBuildFile section */

/* Begin PBXFileReference section */
		7522D23C1CDC781400A056DE /* ChangeingViewController.h */ = {isa = PBXFileReference; fileEncoding = 4; lastKnownFileType = sourcecode.c.h; path = ChangeingViewController.h; sourceTree = "<group>"; };
		7522D23D1CDC781400A056DE /* ChangeingViewController.m */ = {isa = PBXFileReference; fileEncoding = 4; lastKnownFileType = sourcecode.c.objc; path = ChangeingViewController.m; sourceTree = "<group>"; };
		7522D23F1CDC783A00A056DE /* TextVIew.h */ = {isa = PBXFileReference; fileEncoding = 4; lastKnownFileType = sourcecode.c.h; path = TextVIew.h; sourceTree = "<group>"; };
		7522D2401CDC783A00A056DE /* TextVIew.m */ = {isa = PBXFileReference; fileEncoding = 4; lastKnownFileType = sourcecode.c.objc; path = TextVIew.m; sourceTree = "<group>"; };
		75ACA1FF1CBDF77400550078 /* LearnProjects.app */ = {isa = PBXFileReference; explicitFileType = wrapper.application; includeInIndex = 0; path = LearnProjects.app; sourceTree = BUILT_PRODUCTS_DIR; };
		75ACA2031CBDF77400550078 /* main.m */ = {isa = PBXFileReference; lastKnownFileType = sourcecode.c.objc; path = main.m; sourceTree = "<group>"; };
		75ACA2051CBDF77400550078 /* AppDelegate.h */ = {isa = PBXFileReference; lastKnownFileType = sourcecode.c.h; path = AppDelegate.h; sourceTree = "<group>"; };
		75ACA2061CBDF77400550078 /* AppDelegate.m */ = {isa = PBXFileReference; lastKnownFileType = sourcecode.c.objc; path = AppDelegate.m; sourceTree = "<group>"; };
		75ACA2081CBDF77400550078 /* ViewController.h */ = {isa = PBXFileReference; lastKnownFileType = sourcecode.c.h; path = ViewController.h; sourceTree = "<group>"; };
		75ACA2091CBDF77400550078 /* ViewController.m */ = {isa = PBXFileReference; lastKnownFileType = sourcecode.c.objc; path = ViewController.m; sourceTree = "<group>"; };
		75ACA20C1CBDF77400550078 /* Base */ = {isa = PBXFileReference; lastKnownFileType = file.storyboard; name = Base; path = Base.lproj/Main.storyboard; sourceTree = "<group>"; };
		75ACA20E1CBDF77400550078 /* Assets.xcassets */ = {isa = PBXFileReference; lastKnownFileType = folder.assetcatalog; path = Assets.xcassets; sourceTree = "<group>"; };
		75ACA2111CBDF77400550078 /* Base */ = {isa = PBXFileReference; lastKnownFileType = file.storyboard; name = Base; path = Base.lproj/LaunchScreen.storyboard; sourceTree = "<group>"; };
		75ACA2131CBDF77400550078 /* Info.plist */ = {isa = PBXFileReference; lastKnownFileType = text.plist.xml; path = Info.plist; sourceTree = "<group>"; };
		75ACA2191CBE1CA200550078 /* Setting.h */ = {isa = PBXFileReference; lastKnownFileType = sourcecode.c.h; path = Setting.h; sourceTree = "<group>"; };
		75ACA21B1CBE239400550078 /* LayerControllerViewController.h */ = {isa = PBXFileReference; fileEncoding = 4; lastKnownFileType = sourcecode.c.h; name = LayerControllerViewController.h; path = Layer/LayerControllerViewController.h; sourceTree = "<group>"; };
		75ACA21C1CBE239400550078 /* LayerControllerViewController.m */ = {isa = PBXFileReference; fileEncoding = 4; lastKnownFileType = sourcecode.c.objc; name = LayerControllerViewController.m; path = Layer/LayerControllerViewController.m; sourceTree = "<group>"; };
		75ACA21E1CBE23C800550078 /* K_layer.h */ = {isa = PBXFileReference; fileEncoding = 4; lastKnownFileType = sourcecode.c.h; name = K_layer.h; path = Layer/K_layer.h; sourceTree = "<group>"; };
		75ACA21F1CBE23C800550078 /* K_layer.m */ = {isa = PBXFileReference; fileEncoding = 4; lastKnownFileType = sourcecode.c.objc; name = K_layer.m; path = Layer/K_layer.m; sourceTree = "<group>"; };
		75EB3CEB1CD1B7B800F69A53 /* ShowView.h */ = {isa = PBXFileReference; fileEncoding = 4; lastKnownFileType = sourcecode.c.h; name = ShowView.h; path = Layer/ShowView.h; sourceTree = "<group>"; };
		75EB3CEC1CD1B7B800F69A53 /* ShowView.m */ = {isa = PBXFileReference; fileEncoding = 4; lastKnownFileType = sourcecode.c.objc; name = ShowView.m; path = Layer/ShowView.m; sourceTree = "<group>"; };
		75EB3CEE1CD1B85300F69A53 /* QuartzCore.framework */ = {isa = PBXFileReference; lastKnownFileType = wrapper.framework; name = QuartzCore.framework; path = System/Library/Frameworks/QuartzCore.framework; sourceTree = SDKROOT; };
		75EB3CFC1CD9A39D00F69A53 /* DrawImageLayer.h */ = {isa = PBXFileReference; fileEncoding = 4; lastKnownFileType = sourcecode.c.h; path = DrawImageLayer.h; sourceTree = "<group>"; };
		75EB3CFD1CD9A39D00F69A53 /* DrawImageLayer.m */ = {isa = PBXFileReference; fileEncoding = 4; lastKnownFileType = sourcecode.c.objc; path = DrawImageLayer.m; sourceTree = "<group>"; };
		75EB3CFF1CD9C53500F69A53 /* QuartzViewController.h */ = {isa = PBXFileReference; fileEncoding = 4; lastKnownFileType = sourcecode.c.h; name = QuartzViewController.h; path = Layer/QuartzViewController.h; sourceTree = "<group>"; };
		75EB3D001CD9C53500F69A53 /* QuartzViewController.m */ = {isa = PBXFileReference; fileEncoding = 4; lastKnownFileType = sourcecode.c.objc; name = QuartzViewController.m; path = Layer/QuartzViewController.m; sourceTree = "<group>"; };
		75EB3D021CD9EB9800F69A53 /* timg.jpeg */ = {isa = PBXFileReference; lastKnownFileType = image.jpeg; path = timg.jpeg; sourceTree = "<group>"; };
/* End PBXFileReference section */

/* Begin PBXFrameworksBuildPhase section */
		75ACA1FC1CBDF77400550078 /* Frameworks */ = {
			isa = PBXFrameworksBuildPhase;
			buildActionMask = 2147483647;
			files = (
				75EB3CEF1CD1B85300F69A53 /* QuartzCore.framework in Frameworks */,
			);
			runOnlyForDeploymentPostprocessing = 0;
		};
/* End PBXFrameworksBuildPhase section */

/* Begin PBXGroup section */
		75ACA1F61CBDF77400550078 = {
			isa = PBXGroup;
			children = (
				75EB3CEE1CD1B85300F69A53 /* QuartzCore.framework */,
				75ACA2011CBDF77400550078 /* LearnProjects */,
				75ACA2001CBDF77400550078 /* Products */,
			);
			sourceTree = "<group>";
		};
		75ACA2001CBDF77400550078 /* Products */ = {
			isa = PBXGroup;
			children = (
				75ACA1FF1CBDF77400550078 /* LearnProjects.app */,
			);
			name = Products;
			sourceTree = "<group>";
		};
		75ACA2011CBDF77400550078 /* LearnProjects */ = {
			isa = PBXGroup;
			children = (
				75ACA21A1CBE235C00550078 /* Layer */,
				75ACA2051CBDF77400550078 /* AppDelegate.h */,
				75ACA2061CBDF77400550078 /* AppDelegate.m */,
				75ACA2081CBDF77400550078 /* ViewController.h */,
				75ACA2091CBDF77400550078 /* ViewController.m */,
				75ACA20B1CBDF77400550078 /* Main.storyboard */,
				75ACA20E1CBDF77400550078 /* Assets.xcassets */,
				75ACA2101CBDF77400550078 /* LaunchScreen.storyboard */,
				75ACA2131CBDF77400550078 /* Info.plist */,
				75ACA2021CBDF77400550078 /* Supporting Files */,
				75ACA2191CBE1CA200550078 /* Setting.h */,
				7522D23C1CDC781400A056DE /* ChangeingViewController.h */,
				7522D23D1CDC781400A056DE /* ChangeingViewController.m */,
				7522D23F1CDC783A00A056DE /* TextVIew.h */,
				7522D2401CDC783A00A056DE /* TextVIew.m */,
			);
			path = LearnProjects;
			sourceTree = "<group>";
		};
		75ACA2021CBDF77400550078 /* Supporting Files */ = {
			isa = PBXGroup;
			children = (
				75ACA2031CBDF77400550078 /* main.m */,
			);
			name = "Supporting Files";
			sourceTree = "<group>";
		};
		75ACA21A1CBE235C00550078 /* Layer */ = {
			isa = PBXGroup;
			children = (
				75EB3D021CD9EB9800F69A53 /* timg.jpeg */,
				75ACA21B1CBE239400550078 /* LayerControllerViewController.h */,
				75ACA21C1CBE239400550078 /* LayerControllerViewController.m */,
				75ACA21E1CBE23C800550078 /* K_layer.h */,
				75ACA21F1CBE23C800550078 /* K_layer.m */,
				75EB3CEB1CD1B7B800F69A53 /* ShowView.h */,
				75EB3CEC1CD1B7B800F69A53 /* ShowView.m */,
				75EB3CFC1CD9A39D00F69A53 /* DrawImageLayer.h */,
				75EB3CFD1CD9A39D00F69A53 /* DrawImageLayer.m */,
				75EB3CFF1CD9C53500F69A53 /* QuartzViewController.h */,
				75EB3D001CD9C53500F69A53 /* QuartzViewController.m */,
			);
			name = Layer;
			sourceTree = "<group>";
		};
/* End PBXGroup section */

/* Begin PBXNativeTarget section */
		75ACA1FE1CBDF77400550078 /* LearnProjects */ = {
			isa = PBXNativeTarget;
			buildConfigurationList = 75ACA2161CBDF77400550078 /* Build configuration list for PBXNativeTarget "LearnProjects" */;
			buildPhases = (
				75ACA1FB1CBDF77400550078 /* Sources */,
				75ACA1FC1CBDF77400550078 /* Frameworks */,
				75ACA1FD1CBDF77400550078 /* Resources */,
			);
			buildRules = (
			);
			dependencies = (
			);
			name = LearnProjects;
			productName = LearnProjects;
			productReference = 75ACA1FF1CBDF77400550078 /* LearnProjects.app */;
			productType = "com.apple.product-type.application";
		};
/* End PBXNativeTarget section */

/* Begin PBXProject section */
		75ACA1F71CBDF77400550078 /* Project object */ = {
			isa = PBXProject;
			attributes = {
				LastUpgradeCheck = 0730;
				ORGANIZATIONNAME = zhangze;
				TargetAttributes = {
					75ACA1FE1CBDF77400550078 = {
						CreatedOnToolsVersion = 7.3;
					};
				};
			};
			buildConfigurationList = 75ACA1FA1CBDF77400550078 /* Build configuration list for PBXProject "LearnProjects" */;
			compatibilityVersion = "Xcode 3.2";
			developmentRegion = English;
			hasScannedForEncodings = 0;
			knownRegions = (
				en,
				Base,
			);
			mainGroup = 75ACA1F61CBDF77400550078;
			productRefGroup = 75ACA2001CBDF77400550078 /* Products */;
			projectDirPath = "";
			projectRoot = "";
			targets = (
				75ACA1FE1CBDF77400550078 /* LearnProjects */,
			);
		};
/* End PBXProject section */

/* Begin PBXResourcesBuildPhase section */
		75ACA1FD1CBDF77400550078 /* Resources */ = {
			isa = PBXResourcesBuildPhase;
			buildActionMask = 2147483647;
			files = (
				75ACA2121CBDF77400550078 /* LaunchScreen.storyboard in Resources */,
				75ACA20F1CBDF77400550078 /* Assets.xcassets in Resources */,
				75EB3D031CD9EB9800F69A53 /* timg.jpeg in Resources */,
				75ACA20D1CBDF77400550078 /* Main.storyboard in Resources */,
			);
			runOnlyForDeploymentPostprocessing = 0;
		};
/* End PBXResourcesBuildPhase section */

/* Begin PBXSourcesBuildPhase section */
		75ACA1FB1CBDF77400550078 /* Sources */ = {
			isa = PBXSourcesBuildPhase;
			buildActionMask = 2147483647;
			files = (
				75ACA20A1CBDF77400550078 /* ViewController.m in Sources */,
				7522D2411CDC783A00A056DE /* TextVIew.m in Sources */,
				75ACA2071CBDF77400550078 /* AppDelegate.m in Sources */,
				75ACA21D1CBE239400550078 /* LayerControllerViewController.m in Sources */,
				75ACA2201CBE23C800550078 /* K_layer.m in Sources */,
				75ACA2041CBDF77400550078 /* main.m in Sources */,
				7522D23E1CDC781400A056DE /* ChangeingViewController.m in Sources */,
				75EB3CFE1CD9A39D00F69A53 /* DrawImageLayer.m in Sources */,
				75EB3CED1CD1B7B800F69A53 /* ShowView.m in Sources */,
				75EB3D011CD9C53500F69A53 /* QuartzViewController.m in Sources */,
			);
			runOnlyForDeploymentPostprocessing = 0;
		};
/* End PBXSourcesBuildPhase section */

/* Begin PBXVariantGroup section */
		75ACA20B1CBDF77400550078 /* Main.storyboard */ = {
			isa = PBXVariantGroup;
			children = (
				75ACA20C1CBDF77400550078 /* Base */,
			);
			name = Main.storyboard;
			sourceTree = "<group>";
		};
		75ACA2101CBDF77400550078 /* LaunchScreen.storyboard */ = {
			isa = PBXVariantGroup;
			children = (
				75ACA2111CBDF77400550078 /* Base */,
			);
			name = LaunchScreen.storyboard;
			sourceTree = "<group>";
		};
/* End PBXVariantGroup section */

/* Begin XCBuildConfiguration section */
		75ACA2141CBDF77400550078 /* Debug */ = {
			isa = XCBuildConfiguration;
			buildSettings = {
				ALWAYS_SEARCH_USER_PATHS = NO;
				CLANG_ANALYZER_NONNULL = YES;
				CLANG_CXX_LANGUAGE_STANDARD = "gnu++0x";
				CLANG_CXX_LIBRARY = "libc++";
				CLANG_ENABLE_MODULES = YES;
				CLANG_ENABLE_OBJC_ARC = YES;
				CLANG_WARN_BOOL_CONVERSION = YES;
				CLANG_WARN_CONSTANT_CONVERSION = YES;
				CLANG_WARN_DIRECT_OBJC_ISA_USAGE = YES_ERROR;
				CLANG_WARN_EMPTY_BODY = YES;
				CLANG_WARN_ENUM_CONVERSION = YES;
				CLANG_WARN_INT_CONVERSION = YES;
				CLANG_WARN_OBJC_ROOT_CLASS = YES_ERROR;
				CLANG_WARN_UNREACHABLE_CODE = YES;
				CLANG_WARN__DUPLICATE_METHOD_MATCH = YES;
				"CODE_SIGN_IDENTITY[sdk=iphoneos*]" = "iPhone Developer";
				COPY_PHASE_STRIP = NO;
				DEBUG_INFORMATION_FORMAT = dwarf;
				ENABLE_STRICT_OBJC_MSGSEND = YES;
				ENABLE_TESTABILITY = YES;
				GCC_C_LANGUAGE_STANDARD = gnu99;
				GCC_DYNAMIC_NO_PIC = NO;
				GCC_NO_COMMON_BLOCKS = YES;
				GCC_OPTIMIZATION_LEVEL = 0;
				GCC_PREPROCESSOR_DEFINITIONS = (
					"DEBUG=1",
					"$(inherited)",
				);
				GCC_WARN_64_TO_32_BIT_CONVERSION = YES;
				GCC_WARN_ABOUT_RETURN_TYPE = YES_ERROR;
				GCC_WARN_UNDECLARED_SELECTOR = YES;
				GCC_WARN_UNINITIALIZED_AUTOS = YES_AGGRESSIVE;
				GCC_WARN_UNUSED_FUNCTION = YES;
				GCC_WARN_UNUSED_VARIABLE = YES;
				IPHONEOS_DEPLOYMENT_TARGET = 9.3;
				MTL_ENABLE_DEBUG_INFO = YES;
				ONLY_ACTIVE_ARCH = YES;
				SDKROOT = iphoneos;
			};
			name = Debug;
		};
		75ACA2151CBDF77400550078 /* Release */ = {
			isa = XCBuildConfiguration;
			buildSettings = {
				ALWAYS_SEARCH_USER_PATHS = NO;
				CLANG_ANALYZER_NONNULL = YES;
				CLANG_CXX_LANGUAGE_STANDARD = "gnu++0x";
				CLANG_CXX_LIBRARY = "libc++";
				CLANG_ENABLE_MODULES = YES;
				CLANG_ENABLE_OBJC_ARC = YES;
				CLANG_WARN_BOOL_CONVERSION = YES;
				CLANG_WARN_CONSTANT_CONVERSION = YES;
				CLANG_WARN_DIRECT_OBJC_ISA_USAGE = YES_ERROR;
				CLANG_WARN_EMPTY_BODY = YES;
				CLANG_WARN_ENUM_CONVERSION = YES;
				CLANG_WARN_INT_CONVERSION = YES;
				CLANG_WARN_OBJC_ROOT_CLASS = YES_ERROR;
				CLANG_WARN_UNREACHABLE_CODE = YES;
				CLANG_WARN__DUPLICATE_METHOD_MATCH = YES;
				"CODE_SIGN_IDENTITY[sdk=iphoneos*]" = "iPhone Developer";
				COPY_PHASE_STRIP = NO;
				DEBUG_INFORMATION_FORMAT = "dwarf-with-dsym";
				ENABLE_NS_ASSERTIONS = NO;
				ENABLE_STRICT_OBJC_MSGSEND = YES;
				GCC_C_LANGUAGE_STANDARD = gnu99;
				GCC_NO_COMMON_BLOCKS = YES;
				GCC_WARN_64_TO_32_BIT_CONVERSION = YES;
				GCC_WARN_ABOUT_RETURN_TYPE = YES_ERROR;
				GCC_WARN_UNDECLARED_SELECTOR = YES;
				GCC_WARN_UNINITIALIZED_AUTOS = YES_AGGRESSIVE;
				GCC_WARN_UNUSED_FUNCTION = YES;
				GCC_WARN_UNUSED_VARIABLE = YES;
				IPHONEOS_DEPLOYMENT_TARGET = 9.3;
				MTL_ENABLE_DEBUG_INFO = NO;
				SDKROOT = iphoneos;
				VALIDATE_PRODUCT = YES;
			};
			name = Release;
		};
		75ACA2171CBDF77400550078 /* Debug */ = {
			isa = XCBuildConfiguration;
			buildSettings = {
				ASSETCATALOG_COMPILER_APPICON_NAME = AppIcon;
				INFOPLIST_FILE = LearnProjects/Info.plist;
				LD_RUNPATH_SEARCH_PATHS = "$(inherited) @executable_path/Frameworks";
				PRODUCT_BUNDLE_IDENTIFIER = iwanbu.LearnProjects;
				PRODUCT_NAME = "$(TARGET_NAME)";
			};
			name = Debug;
		};
		75ACA2181CBDF77400550078 /* Release */ = {
			isa = XCBuildConfiguration;
			buildSettings = {
				ASSETCATALOG_COMPILER_APPICON_NAME = AppIcon;
				INFOPLIST_FILE = LearnProjects/Info.plist;
				LD_RUNPATH_SEARCH_PATHS = "$(inherited) @executable_path/Frameworks";
				PRODUCT_BUNDLE_IDENTIFIER = iwanbu.LearnProjects;
				PRODUCT_NAME = "$(TARGET_NAME)";
			};
			name = Release;
		};
/* End XCBuildConfiguration section */

/* Begin XCConfigurationList section */
		75ACA1FA1CBDF77400550078 /* Build configuration list for PBXProject "LearnProjects" */ = {
			isa = XCConfigurationList;
			buildConfigurations = (
				75ACA2141CBDF77400550078 /* Debug */,
				75ACA2151CBDF77400550078 /* Release */,
			);
			defaultConfigurationIsVisible = 0;
			defaultConfigurationName = Release;
		};
		75ACA2161CBDF77400550078 /* Build configuration list for PBXNativeTarget "LearnProjects" */ = {
			isa = XCConfigurationList;
			buildConfigurations = (
				75ACA2171CBDF77400550078 /* Debug */,
				75ACA2181CBDF77400550078 /* Release */,
			);
			defaultConfigurationIsVisible = 0;
			defaultConfigurationName = Release;
		};
/* End XCConfigurationList section */
	};
	rootObject = 75ACA1F71CBDF77400550078 /* Project object */;
}
